
Microsoft Visual Studio Solution File, Format Version 12.00
# Visual Studio Version 16
VisualStudioVersion = 16.0.31005.135
MinimumVisualStudioVersion = 10.0.40219.1
Project("{8BC9CEB8-8B4A-11D0-8D11-00A0C91BC942}") = "Small Object Optimization", "Small Object Optimization\Small Object Optimization.vcxproj", "{6BEAB7A2-4367-4CB9-A8AB-0BC166FBECC6}"
EndProject
Global
	GlobalSection(SolutionConfigurationPlatforms) = preSolution
		Debug|x64 = Debug|x64
		Debug|x86 = Debug|x86
		Release|x64 = Release|x64
		Release|x86 = Release|x86
	EndGlobalSection
	GlobalSection(ProjectConfigurationPlatforms) = postSolution
		{6BEAB7A2-4367-4CB9-A8AB-0BC166FBECC6}.Debug|x64.ActiveCfg = Debug|x64
		{6BEAB7A2-4367-4CB9-A8AB-0BC166FBECC6}.Debug|x64.Build.0 = Debug|x64
		{6BEAB7A2-4367-4CB9-A8AB-0BC166FBECC6}.Debug|x86.ActiveCfg = Debug|Win32
		{6BEAB7A2-4367-4CB9-A8AB-0BC166FBECC6}.Debug|x86.Build.0 = Debug|Win32
		{6BEAB7A2-4367-4CB9-A8AB-0BC166FBECC6}.Release|x64.ActiveCfg = Release|x64
		{6BEAB7A2-4367-4CB9-A8AB-0BC166FBECC6}.Release|x64.Build.0 = Release|x64
		{6BEAB7A2-4367-4CB9-A8AB-0BC166FBECC6}.Release|x86.ActiveCfg = Release|Win32
		{6BEAB7A2-4367-4CB9-A8AB-0BC166FBECC6}.Release|x86.Build.0 = Release|Win32
	EndGlobalSection
	GlobalSection(SolutionProperties) = preSolution
		HideSolutionNode = FALSE
	EndGlobalSection
	GlobalSection(ExtensibilityGlobals) = postSolution
		SolutionGuid = {BED30CA1-6B3A-4551-A6C0-0AE93E1C2AB8}
	EndGlobalSection
EndGlobal
